
Microsoft Visual Studio Solution File, Format Version 10.00
# Visual Studio 2008
Project("{FAE04EC0-301F-11D3-BF4B-00C04F79EFBC}") = "Thon.ZaszBlog.Support", "Thon.ZaszBlog.Support\Thon.ZaszBlog.Support.csproj", "{64A4A351-6C88-43BC-B223-F73B05E05EC4}"
EndProject
Project("{FAE04EC0-301F-11D3-BF4B-00C04F79EFBC}") = "Thon.Support", "Thon.Support\Thon.Support.csproj", "{E7BC777F-7EA4-440D-B980-DBDA2AEEA34A}"
EndProject
Project("{E24C65DC-7377-472B-9ABA-BC803B73C61A}") = "Thon.Website", "Thon.Website\", "{EA84FCB1-63F6-4DC9-A475-98816C51DA3E}"
	ProjectSection(WebsiteProperties) = preProject
		TargetFramework = "3.5"
		ProjectReferences = "{E7BC777F-7EA4-440D-B980-DBDA2AEEA34A}|Thon.Support.dll;{64A4A351-6C88-43BC-B223-F73B05E05EC4}|Thon.ZaszBlog.Support.dll;"
		Debug.AspNetCompiler.VirtualPath = "/Thon.Website"
		Debug.AspNetCompiler.PhysicalPath = "Thon.Website\"
		Debug.AspNetCompiler.TargetPath = "PrecompiledWeb\Thon.Website\"
		Debug.AspNetCompiler.Updateable = "true"
		Debug.AspNetCompiler.ForceOverwrite = "true"
		Debug.AspNetCompiler.FixedNames = "false"
		Debug.AspNetCompiler.Debug = "True"
		Release.AspNetCompiler.VirtualPath = "/Thon.Website"
		Release.AspNetCompiler.PhysicalPath = "Thon.Website\"
		Release.AspNetCompiler.TargetPath = "PrecompiledWeb\Thon.Website\"
		Release.AspNetCompiler.Updateable = "true"
		Release.AspNetCompiler.ForceOverwrite = "true"
		Release.AspNetCompiler.FixedNames = "false"
		Release.AspNetCompiler.Debug = "False"
		VWDPort = "1834"
	EndProjectSection
EndProject
Global
	GlobalSection(SolutionConfigurationPlatforms) = preSolution
		Debug|.NET = Debug|.NET
		Debug|Any CPU = Debug|Any CPU
		Debug|Mixed Platforms = Debug|Mixed Platforms
		Release|.NET = Release|.NET
		Release|Any CPU = Release|Any CPU
		Release|Mixed Platforms = Release|Mixed Platforms
	EndGlobalSection
	GlobalSection(ProjectConfigurationPlatforms) = postSolution
		{64A4A351-6C88-43BC-B223-F73B05E05EC4}.Debug|.NET.ActiveCfg = Debug|Any CPU
		{64A4A351-6C88-43BC-B223-F73B05E05EC4}.Debug|Any CPU.ActiveCfg = Debug|Any CPU
		{64A4A351-6C88-43BC-B223-F73B05E05EC4}.Debug|Any CPU.Build.0 = Debug|Any CPU
		{64A4A351-6C88-43BC-B223-F73B05E05EC4}.Debug|Mixed Platforms.ActiveCfg = Debug|Any CPU
		{64A4A351-6C88-43BC-B223-F73B05E05EC4}.Debug|Mixed Platforms.Build.0 = Debug|Any CPU
		{64A4A351-6C88-43BC-B223-F73B05E05EC4}.Release|.NET.ActiveCfg = Release|Any CPU
		{64A4A351-6C88-43BC-B223-F73B05E05EC4}.Release|Any CPU.ActiveCfg = Release|Any CPU
		{64A4A351-6C88-43BC-B223-F73B05E05EC4}.Release|Any CPU.Build.0 = Release|Any CPU
		{64A4A351-6C88-43BC-B223-F73B05E05EC4}.Release|Mixed Platforms.ActiveCfg = Release|Any CPU
		{64A4A351-6C88-43BC-B223-F73B05E05EC4}.Release|Mixed Platforms.Build.0 = Release|Any CPU
		{E7BC777F-7EA4-440D-B980-DBDA2AEEA34A}.Debug|.NET.ActiveCfg = Debug|Any CPU
		{E7BC777F-7EA4-440D-B980-DBDA2AEEA34A}.Debug|Any CPU.ActiveCfg = Debug|Any CPU
		{E7BC777F-7EA4-440D-B980-DBDA2AEEA34A}.Debug|Any CPU.Build.0 = Debug|Any CPU
		{E7BC777F-7EA4-440D-B980-DBDA2AEEA34A}.Debug|Mixed Platforms.ActiveCfg = Debug|Any CPU
		{E7BC777F-7EA4-440D-B980-DBDA2AEEA34A}.Debug|Mixed Platforms.Build.0 = Debug|Any CPU
		{E7BC777F-7EA4-440D-B980-DBDA2AEEA34A}.Release|.NET.ActiveCfg = Release|Any CPU
		{E7BC777F-7EA4-440D-B980-DBDA2AEEA34A}.Release|Any CPU.ActiveCfg = Release|Any CPU
		{E7BC777F-7EA4-440D-B980-DBDA2AEEA34A}.Release|Any CPU.Build.0 = Release|Any CPU
		{E7BC777F-7EA4-440D-B980-DBDA2AEEA34A}.Release|Mixed Platforms.ActiveCfg = Release|Any CPU
		{E7BC777F-7EA4-440D-B980-DBDA2AEEA34A}.Release|Mixed Platforms.Build.0 = Release|Any CPU
		{EA84FCB1-63F6-4DC9-A475-98816C51DA3E}.Debug|.NET.ActiveCfg = Debug|.NET
		{EA84FCB1-63F6-4DC9-A475-98816C51DA3E}.Debug|.NET.Build.0 = Debug|.NET
		{EA84FCB1-63F6-4DC9-A475-98816C51DA3E}.Debug|Any CPU.ActiveCfg = Debug|.NET
		{EA84FCB1-63F6-4DC9-A475-98816C51DA3E}.Debug|Mixed Platforms.ActiveCfg = Debug|.NET
		{EA84FCB1-63F6-4DC9-A475-98816C51DA3E}.Debug|Mixed Platforms.Build.0 = Debug|.NET
		{EA84FCB1-63F6-4DC9-A475-98816C51DA3E}.Release|.NET.ActiveCfg = Debug|.NET
		{EA84FCB1-63F6-4DC9-A475-98816C51DA3E}.Release|.NET.Build.0 = Debug|.NET
		{EA84FCB1-63F6-4DC9-A475-98816C51DA3E}.Release|Any CPU.ActiveCfg = Debug|.NET
		{EA84FCB1-63F6-4DC9-A475-98816C51DA3E}.Release|Mixed Platforms.ActiveCfg = Debug|.NET
		{EA84FCB1-63F6-4DC9-A475-98816C51DA3E}.Release|Mixed Platforms.Build.0 = Debug|.NET
	EndGlobalSection
	GlobalSection(SolutionProperties) = preSolution
		HideSolutionNode = FALSE
	EndGlobalSection
EndGlobal
